// !$*UTF8*$!
{
	archiveVersion = 1;
	classes = {
	};
	objectVersion = 46;
	objects = {

/* Begin PBXBuildFile section */
		D46E81611D90961300A781C7 /* NavBarScroller.swift in Sources */ = {isa = PBXBuildFile; fileRef = D46E81601D90961300A781C7 /* NavBarScroller.swift */; };
		D483E1771D7B651700FCD614 /* AppDelegate.swift in Sources */ = {isa = PBXBuildFile; fileRef = D483E16D1D7B651700FCD614 /* AppDelegate.swift */; };
		D483E1781D7B651700FCD614 /* GHUsersViewController.swift in Sources */ = {isa = PBXBuildFile; fileRef = D483E1711D7B651700FCD614 /* GHUsersViewController.swift */; };
		D483E1791D7B651700FCD614 /* Assets.xcassets in Resources */ = {isa = PBXBuildFile; fileRef = D483E1731D7B651700FCD614 /* Assets.xcassets */; };
		D483E17B1D7B651700FCD614 /* LaunchScreen.storyboard in Resources */ = {isa = PBXBuildFile; fileRef = D483E1751D7B651700FCD614 /* LaunchScreen.storyboard */; };
		D483E17C1D7B651700FCD614 /* Main.storyboard in Resources */ = {isa = PBXBuildFile; fileRef = D483E1761D7B651700FCD614 /* Main.storyboard */; };
		D483E1821D7B6A7300FCD614 /* GHUniqueObject.swift in Sources */ = {isa = PBXBuildFile; fileRef = D483E1811D7B6A7300FCD614 /* GHUniqueObject.swift */; };
		D483E1841D7B6B7200FCD614 /* GHUser.swift in Sources */ = {isa = PBXBuildFile; fileRef = D483E1831D7B6B7200FCD614 /* GHUser.swift */; };
		D483E1861D7B6D5000FCD614 /* GHKeys.swift in Sources */ = {isa = PBXBuildFile; fileRef = D483E1851D7B6D5000FCD614 /* GHKeys.swift */; };
		D483E1891D7B7F4D00FCD614 /* Pods_GH_Viewer.framework in Frameworks */ = {isa = PBXBuildFile; fileRef = D483E1881D7B7F4D00FCD614 /* Pods_GH_Viewer.framework */; };
		D483E18B1D7B9B6600FCD614 /* GHPageCollection.swift in Sources */ = {isa = PBXBuildFile; fileRef = D483E18A1D7B9B6600FCD614 /* GHPageCollection.swift */; };
		D483E18D1D7CC57100FCD614 /* GHUserTableViewCell.swift in Sources */ = {isa = PBXBuildFile; fileRef = D483E18C1D7CC57100FCD614 /* GHUserTableViewCell.swift */; };
/* End PBXBuildFile section */

/* Begin PBXFileReference section */
		B71F07135FE9E5CCE4B9ABBC /* Pods-GH Viewer.release.xcconfig */ = {isa = PBXFileReference; includeInIndex = 1; lastKnownFileType = text.xcconfig; name = "Pods-GH Viewer.release.xcconfig"; path = "Pods/Target Support Files/Pods-GH Viewer/Pods-GH Viewer.release.xcconfig"; sourceTree = "<group>"; };
		D46E81601D90961300A781C7 /* NavBarScroller.swift */ = {isa = PBXFileReference; fileEncoding = 4; lastKnownFileType = sourcecode.swift; path = NavBarScroller.swift; sourceTree = "<group>"; };
		D483E1441D7B628500FCD614 /* GH Viewer.app */ = {isa = PBXFileReference; explicitFileType = wrapper.application; includeInIndex = 0; path = "GH Viewer.app"; sourceTree = BUILT_PRODUCTS_DIR; };
		D483E16D1D7B651700FCD614 /* AppDelegate.swift */ = {isa = PBXFileReference; fileEncoding = 4; lastKnownFileType = sourcecode.swift; path = AppDelegate.swift; sourceTree = "<group>"; };
		D483E1711D7B651700FCD614 /* GHUsersViewController.swift */ = {isa = PBXFileReference; fileEncoding = 4; lastKnownFileType = sourcecode.swift; path = GHUsersViewController.swift; sourceTree = "<group>"; };
		D483E1731D7B651700FCD614 /* Assets.xcassets */ = {isa = PBXFileReference; lastKnownFileType = folder.assetcatalog; path = Assets.xcassets; sourceTree = "<group>"; };
		D483E1741D7B651700FCD614 /* Info.plist */ = {isa = PBXFileReference; fileEncoding = 4; lastKnownFileType = text.plist.xml; path = Info.plist; sourceTree = "<group>"; };
		D483E1751D7B651700FCD614 /* LaunchScreen.storyboard */ = {isa = PBXFileReference; fileEncoding = 4; lastKnownFileType = file.storyboard; path = LaunchScreen.storyboard; sourceTree = "<group>"; };
		D483E1761D7B651700FCD614 /* Main.storyboard */ = {isa = PBXFileReference; fileEncoding = 4; lastKnownFileType = file.storyboard; path = Main.storyboard; sourceTree = "<group>"; };
		D483E1811D7B6A7300FCD614 /* GHUniqueObject.swift */ = {isa = PBXFileReference; fileEncoding = 4; lastKnownFileType = sourcecode.swift; path = GHUniqueObject.swift; sourceTree = "<group>"; };
		D483E1831D7B6B7200FCD614 /* GHUser.swift */ = {isa = PBXFileReference; fileEncoding = 4; lastKnownFileType = sourcecode.swift; path = GHUser.swift; sourceTree = "<group>"; };
		D483E1851D7B6D5000FCD614 /* GHKeys.swift */ = {isa = PBXFileReference; fileEncoding = 4; lastKnownFileType = sourcecode.swift; path = GHKeys.swift; sourceTree = "<group>"; };
		D483E1871D7B6E7D00FCD614 /* GHViewer-Bridging-Header.h */ = {isa = PBXFileReference; lastKnownFileType = sourcecode.c.h; path = "GHViewer-Bridging-Header.h"; sourceTree = "<group>"; };
		D483E1881D7B7F4D00FCD614 /* Pods_GH_Viewer.framework */ = {isa = PBXFileReference; lastKnownFileType = wrapper.framework; name = Pods_GH_Viewer.framework; path = "../../../Library/Developer/Xcode/DerivedData/GH_Viewer-afyuwkkumxlolxdlrxfhkaebmeuk/Build/Products/Debug-iphonesimulator/Pods_GH_Viewer.framework"; sourceTree = "<group>"; };
		D483E18A1D7B9B6600FCD614 /* GHPageCollection.swift */ = {isa = PBXFileReference; fileEncoding = 4; lastKnownFileType = sourcecode.swift; path = GHPageCollection.swift; sourceTree = "<group>"; };
		D483E18C1D7CC57100FCD614 /* GHUserTableViewCell.swift */ = {isa = PBXFileReference; fileEncoding = 4; lastKnownFileType = sourcecode.swift; path = GHUserTableViewCell.swift; sourceTree = "<group>"; };
		FB254CE3A2BE073D4C3C2C20 /* Pods-GH Viewer.debug.xcconfig */ = {isa = PBXFileReference; includeInIndex = 1; lastKnownFileType = text.xcconfig; name = "Pods-GH Viewer.debug.xcconfig"; path = "Pods/Target Support Files/Pods-GH Viewer/Pods-GH Viewer.debug.xcconfig"; sourceTree = "<group>"; };
/* End PBXFileReference section */

/* Begin PBXFrameworksBuildPhase section */
		D483E1411D7B628500FCD614 /* Frameworks */ = {
			isa = PBXFrameworksBuildPhase;
			buildActionMask = 2147483647;
			files = (
				D483E1891D7B7F4D00FCD614 /* Pods_GH_Viewer.framework in Frameworks */,
			);
			runOnlyForDeploymentPostprocessing = 0;
		};
/* End PBXFrameworksBuildPhase section */

/* Begin PBXGroup section */
		6378B102E138518F523827C7 /* Pods */ = {
			isa = PBXGroup;
			children = (
				FB254CE3A2BE073D4C3C2C20 /* Pods-GH Viewer.debug.xcconfig */,
				B71F07135FE9E5CCE4B9ABBC /* Pods-GH Viewer.release.xcconfig */,
			);
			name = Pods;
			sourceTree = "<group>";
		};
		D483E13B1D7B628500FCD614 = {
			isa = PBXGroup;
			children = (
				D483E1461D7B628500FCD614 /* GH Viewer */,
				D483E1451D7B628500FCD614 /* Products */,
				6378B102E138518F523827C7 /* Pods */,
				D8FA67E893A87EA9DBBFB805 /* Frameworks */,
			);
			sourceTree = "<group>";
		};
		D483E1451D7B628500FCD614 /* Products */ = {
			isa = PBXGroup;
			children = (
				D483E1441D7B628500FCD614 /* GH Viewer.app */,
			);
			name = Products;
			sourceTree = "<group>";
		};
		D483E1461D7B628500FCD614 /* GH Viewer */ = {
			isa = PBXGroup;
			children = (
				D483E16C1D7B651700FCD614 /* Classes */,
				D483E1721D7B651700FCD614 /* Resources */,
			);
			path = "GH Viewer";
			sourceTree = "<group>";
		};
		D483E16C1D7B651700FCD614 /* Classes */ = {
			isa = PBXGroup;
			children = (
				D483E16D1D7B651700FCD614 /* AppDelegate.swift */,
				D483E1871D7B6E7D00FCD614 /* GHViewer-Bridging-Header.h */,
				D483E16E1D7B651700FCD614 /* Business */,
				D483E16F1D7B651700FCD614 /* Model */,
				D483E1701D7B651700FCD614 /* UI */,
			);
			path = Classes;
			sourceTree = SOURCE_ROOT;
		};
		D483E16E1D7B651700FCD614 /* Business */ = {
			isa = PBXGroup;
			children = (
				D483E18A1D7B9B6600FCD614 /* GHPageCollection.swift */,
			);
			path = Business;
			sourceTree = "<group>";
		};
		D483E16F1D7B651700FCD614 /* Model */ = {
			isa = PBXGroup;
			children = (
				D483E1851D7B6D5000FCD614 /* GHKeys.swift */,
				D483E1811D7B6A7300FCD614 /* GHUniqueObject.swift */,
				D483E1831D7B6B7200FCD614 /* GHUser.swift */,
			);
			path = Model;
			sourceTree = "<group>";
		};
		D483E1701D7B651700FCD614 /* UI */ = {
			isa = PBXGroup;
			children = (
				D483E1711D7B651700FCD614 /* GHUsersViewController.swift */,
				D483E18C1D7CC57100FCD614 /* GHUserTableViewCell.swift */,
				D46E81601D90961300A781C7 /* NavBarScroller.swift */,
			);
			path = UI;
			sourceTree = "<group>";
		};
		D483E1721D7B651700FCD614 /* Resources */ = {
			isa = PBXGroup;
			children = (
				D483E1731D7B651700FCD614 /* Assets.xcassets */,
				D483E1741D7B651700FCD614 /* Info.plist */,
				D483E1751D7B651700FCD614 /* LaunchScreen.storyboard */,
				D483E1761D7B651700FCD614 /* Main.storyboard */,
			);
			path = Resources;
			sourceTree = SOURCE_ROOT;
		};
		D8FA67E893A87EA9DBBFB805 /* Frameworks */ = {
			isa = PBXGroup;
			children = (
				D483E1881D7B7F4D00FCD614 /* Pods_GH_Viewer.framework */,
			);
			name = Frameworks;
			sourceTree = "<group>";
		};
/* End PBXGroup section */

/* Begin PBXNativeTarget section */
		D483E1431D7B628500FCD614 /* GH Viewer */ = {
			isa = PBXNativeTarget;
			buildConfigurationList = D483E1561D7B628500FCD614 /* Build configuration list for PBXNativeTarget "GH Viewer" */;
			buildPhases = (
				1F4A1E2B749D24EBB65C575D /* [CP] Check Pods Manifest.lock */,
				D483E1401D7B628500FCD614 /* Sources */,
				D483E1411D7B628500FCD614 /* Frameworks */,
				D483E1421D7B628500FCD614 /* Resources */,
				E86BFAE6A150F0269FAEDF14 /* [CP] Embed Pods Frameworks */,
				48D7D5B6CB96CAD4102F52F4 /* [CP] Copy Pods Resources */,
			);
			buildRules = (
			);
			dependencies = (
			);
			name = "GH Viewer";
			productName = "GH Viewer";
			productReference = D483E1441D7B628500FCD614 /* GH Viewer.app */;
			productType = "com.apple.product-type.application";
		};
/* End PBXNativeTarget section */

/* Begin PBXProject section */
		D483E13C1D7B628500FCD614 /* Project object */ = {
			isa = PBXProject;
			attributes = {
				CLASSPREFIX = GH;
				LastSwiftUpdateCheck = 0730;
				LastUpgradeCheck = 0730;
				ORGANIZATIONNAME = ruckef;
				TargetAttributes = {
					D483E1431D7B628500FCD614 = {
						CreatedOnToolsVersion = 7.3.1;
						DevelopmentTeam = ZVHW8QUG2S;
					};
				};
			};
			buildConfigurationList = D483E13F1D7B628500FCD614 /* Build configuration list for PBXProject "GH Viewer" */;
			compatibilityVersion = "Xcode 3.2";
			developmentRegion = English;
			hasScannedForEncodings = 0;
			knownRegions = (
				en,
				Base,
			);
			mainGroup = D483E13B1D7B628500FCD614;
			productRefGroup = D483E1451D7B628500FCD614 /* Products */;
			projectDirPath = "";
			projectRoot = "";
			targets = (
				D483E1431D7B628500FCD614 /* GH Viewer */,
			);
		};
/* End PBXProject section */

/* Begin PBXResourcesBuildPhase section */
		D483E1421D7B628500FCD614 /* Resources */ = {
			isa = PBXResourcesBuildPhase;
			buildActionMask = 2147483647;
			files = (
				D483E17B1D7B651700FCD614 /* LaunchScreen.storyboard in Resources */,
				D483E1791D7B651700FCD614 /* Assets.xcassets in Resources */,
				D483E17C1D7B651700FCD614 /* Main.storyboard in Resources */,
			);
			runOnlyForDeploymentPostprocessing = 0;
		};
/* End PBXResourcesBuildPhase section */

/* Begin PBXShellScriptBuildPhase section */
		1F4A1E2B749D24EBB65C575D /* [CP] Check Pods Manifest.lock */ = {
			isa = PBXShellScriptBuildPhase;
			buildActionMask = 2147483647;
			files = (
			);
			inputPaths = (
			);
			name = "[CP] Check Pods Manifest.lock";
			outputPaths = (
			);
			runOnlyForDeploymentPostprocessing = 0;
			shellPath = /bin/sh;
			shellScript = "diff \"${PODS_ROOT}/../Podfile.lock\" \"${PODS_ROOT}/Manifest.lock\" > /dev/null\nif [ $? != 0 ] ; then\n    # print error to STDERR\n    echo \"error: The sandbox is not in sync with the Podfile.lock. Run 'pod install' or update your CocoaPods installation.\" >&2\n    exit 1\nfi\n";
			showEnvVarsInLog = 0;
		};
		48D7D5B6CB96CAD4102F52F4 /* [CP] Copy Pods Resources */ = {
			isa = PBXShellScriptBuildPhase;
			buildActionMask = 2147483647;
			files = (
			);
			inputPaths = (
			);
			name = "[CP] Copy Pods Resources";
			outputPaths = (
			);
			runOnlyForDeploymentPostprocessing = 0;
			shellPath = /bin/sh;
			shellScript = "\"${SRCROOT}/Pods/Target Support Files/Pods-GH Viewer/Pods-GH Viewer-resources.sh\"\n";
			showEnvVarsInLog = 0;
		};
		E86BFAE6A150F0269FAEDF14 /* [CP] Embed Pods Frameworks */ = {
			isa = PBXShellScriptBuildPhase;
			buildActionMask = 2147483647;
			files = (
			);
			inputPaths = (
			);
			name = "[CP] Embed Pods Frameworks";
			outputPaths = (
			);
			runOnlyForDeploymentPostprocessing = 0;
			shellPath = /bin/sh;
			shellScript = "\"${SRCROOT}/Pods/Target Support Files/Pods-GH Viewer/Pods-GH Viewer-frameworks.sh\"\n";
			showEnvVarsInLog = 0;
		};
/* End PBXShellScriptBuildPhase section */

/* Begin PBXSourcesBuildPhase section */
		D483E1401D7B628500FCD614 /* Sources */ = {
			isa = PBXSourcesBuildPhase;
			buildActionMask = 2147483647;
			files = (
				D483E18B1D7B9B6600FCD614 /* GHPageCollection.swift in Sources */,
				D483E1841D7B6B7200FCD614 /* GHUser.swift in Sources */,
				D483E1821D7B6A7300FCD614 /* GHUniqueObject.swift in Sources */,
				D483E1781D7B651700FCD614 /* GHUsersViewController.swift in Sources */,
				D483E1771D7B651700FCD614 /* AppDelegate.swift in Sources */,
				D483E1861D7B6D5000FCD614 /* GHKeys.swift in Sources */,
				D483E18D1D7CC57100FCD614 /* GHUserTableViewCell.swift in Sources */,
				D46E81611D90961300A781C7 /* NavBarScroller.swift in Sources */,
			);
			runOnlyForDeploymentPostprocessing = 0;
		};
/* End PBXSourcesBuildPhase section */

/* Begin XCBuildConfiguration section */
		D483E1541D7B628500FCD614 /* Debug */ = {
			isa = XCBuildConfiguration;
			baseConfigurationReference = FB254CE3A2BE073D4C3C2C20 /* Pods-GH Viewer.debug.xcconfig */;
			buildSettings = {
				ALWAYS_SEARCH_USER_PATHS = NO;
				CLANG_ANALYZER_NONNULL = YES;
				CLANG_CXX_LANGUAGE_STANDARD = "gnu++0x";
				CLANG_CXX_LIBRARY = "libc++";
				CLANG_ENABLE_MODULES = YES;
				CLANG_ENABLE_OBJC_ARC = YES;
				CLANG_WARN_BOOL_CONVERSION = YES;
				CLANG_WARN_CONSTANT_CONVERSION = YES;
				CLANG_WARN_DIRECT_OBJC_ISA_USAGE = YES_ERROR;
				CLANG_WARN_EMPTY_BODY = YES;
				CLANG_WARN_ENUM_CONVERSION = YES;
				CLANG_WARN_INT_CONVERSION = YES;
				CLANG_WARN_OBJC_ROOT_CLASS = YES_ERROR;
				CLANG_WARN_UNREACHABLE_CODE = YES;
				CLANG_WARN__DUPLICATE_METHOD_MATCH = YES;
				"CODE_SIGN_IDENTITY[sdk=iphoneos*]" = "iPhone Developer";
				COPY_PHASE_STRIP = NO;
				DEBUG_INFORMATION_FORMAT = dwarf;
				ENABLE_STRICT_OBJC_MSGSEND = YES;
				ENABLE_TESTABILITY = YES;
				GCC_C_LANGUAGE_STANDARD = gnu99;
				GCC_DYNAMIC_NO_PIC = NO;
				GCC_NO_COMMON_BLOCKS = YES;
				GCC_OPTIMIZATION_LEVEL = 0;
				GCC_PREPROCESSOR_DEFINITIONS = (
					"DEBUG=1",
					"$(inherited)",
				);
				GCC_WARN_64_TO_32_BIT_CONVERSION = YES;
				GCC_WARN_ABOUT_RETURN_TYPE = YES_ERROR;
				GCC_WARN_UNDECLARED_SELECTOR = YES;
				GCC_WARN_UNINITIALIZED_AUTOS = YES_AGGRESSIVE;
				GCC_WARN_UNUSED_FUNCTION = YES;
				GCC_WARN_UNUSED_VARIABLE = YES;
				IPHONEOS_DEPLOYMENT_TARGET = 9.0;
				MTL_ENABLE_DEBUG_INFO = YES;
				ONLY_ACTIVE_ARCH = YES;
				SDKROOT = iphoneos;
				SWIFT_OPTIMIZATION_LEVEL = "-Onone";
			};
			name = Debug;
		};
		D483E1551D7B628500FCD614 /* Release */ = {
			isa = XCBuildConfiguration;
			baseConfigurationReference = B71F07135FE9E5CCE4B9ABBC /* Pods-GH Viewer.release.xcconfig */;
			buildSettings = {
				ALWAYS_SEARCH_USER_PATHS = NO;
				CLANG_ANALYZER_NONNULL = YES;
				CLANG_CXX_LANGUAGE_STANDARD = "gnu++0x";
				CLANG_CXX_LIBRARY = "libc++";
				CLANG_ENABLE_MODULES = YES;
				CLANG_ENABLE_OBJC_ARC = YES;
				CLANG_WARN_BOOL_CONVERSION = YES;
				CLANG_WARN_CONSTANT_CONVERSION = YES;
				CLANG_WARN_DIRECT_OBJC_ISA_USAGE = YES_ERROR;
				CLANG_WARN_EMPTY_BODY = YES;
				CLANG_WARN_ENUM_CONVERSION = YES;
				CLANG_WARN_INT_CONVERSION = YES;
				CLANG_WARN_OBJC_ROOT_CLASS = YES_ERROR;
				CLANG_WARN_UNREACHABLE_CODE = YES;
				CLANG_WARN__DUPLICATE_METHOD_MATCH = YES;
				"CODE_SIGN_IDENTITY[sdk=iphoneos*]" = "iPhone Developer";
				COPY_PHASE_STRIP = NO;
				DEBUG_INFORMATION_FORMAT = "dwarf-with-dsym";
				ENABLE_NS_ASSERTIONS = NO;
				ENABLE_STRICT_OBJC_MSGSEND = YES;
				GCC_C_LANGUAGE_STANDARD = gnu99;
				GCC_NO_COMMON_BLOCKS = YES;
				GCC_WARN_64_TO_32_BIT_CONVERSION = YES;
				GCC_WARN_ABOUT_RETURN_TYPE = YES_ERROR;
				GCC_WARN_UNDECLARED_SELECTOR = YES;
				GCC_WARN_UNINITIALIZED_AUTOS = YES_AGGRESSIVE;
				GCC_WARN_UNUSED_FUNCTION = YES;
				GCC_WARN_UNUSED_VARIABLE = YES;
				IPHONEOS_DEPLOYMENT_TARGET = 9.0;
				MTL_ENABLE_DEBUG_INFO = NO;
				SDKROOT = iphoneos;
				VALIDATE_PRODUCT = YES;
			};
			name = Release;
		};
		D483E1571D7B628500FCD614 /* Debug */ = {
			isa = XCBuildConfiguration;
			baseConfigurationReference = FB254CE3A2BE073D4C3C2C20 /* Pods-GH Viewer.debug.xcconfig */;
			buildSettings = {
				ALWAYS_SEARCH_USER_PATHS = NO;
				ASSETCATALOG_COMPILER_APPICON_NAME = AppIcon;
				CODE_SIGN_IDENTITY = "iPhone Developer";
				"CODE_SIGN_IDENTITY[sdk=iphoneos*]" = "iPhone Developer";
				HEADER_SEARCH_PATHS = "";
				INFOPLIST_FILE = $SRCROOT/Resources/Info.plist;
				IPHONEOS_DEPLOYMENT_TARGET = 9.0;
				LD_RUNPATH_SEARCH_PATHS = "$(inherited) @executable_path/Frameworks";
				PRODUCT_BUNDLE_IDENTIFIER = "com.ruckef.GH-Viewer";
				PRODUCT_NAME = "$(TARGET_NAME)";
				PROVISIONING_PROFILE = "";
				SWIFT_OBJC_BRIDGING_HEADER = "Classes/GHViewer-Bridging-Header.h";
			};
			name = Debug;
		};
		D483E1581D7B628500FCD614 /* Release */ = {
			isa = XCBuildConfiguration;
			baseConfigurationReference = B71F07135FE9E5CCE4B9ABBC /* Pods-GH Viewer.release.xcconfig */;
			buildSettings = {
				ALWAYS_SEARCH_USER_PATHS = NO;
				ASSETCATALOG_COMPILER_APPICON_NAME = AppIcon;
				CODE_SIGN_IDENTITY = "iPhone Developer";
				"CODE_SIGN_IDENTITY[sdk=iphoneos*]" = "iPhone Developer";
				HEADER_SEARCH_PATHS = "";
				INFOPLIST_FILE = $SRCROOT/Resources/Info.plist;
				IPHONEOS_DEPLOYMENT_TARGET = 9.0;
				LD_RUNPATH_SEARCH_PATHS = "$(inherited) @executable_path/Frameworks";
				PRODUCT_BUNDLE_IDENTIFIER = "com.ruckef.GH-Viewer";
				PRODUCT_NAME = "$(TARGET_NAME)";
				PROVISIONING_PROFILE = "";
				SWIFT_OBJC_BRIDGING_HEADER = "Classes/GHViewer-Bridging-Header.h";
			};
			name = Release;
		};
/* End XCBuildConfiguration section */

/* Begin XCConfigurationList section */
		D483E13F1D7B628500FCD614 /* Build configuration list for PBXProject "GH Viewer" */ = {
			isa = XCConfigurationList;
			buildConfigurations = (
				D483E1541D7B628500FCD614 /* Debug */,
				D483E1551D7B628500FCD614 /* Release */,
			);
			defaultConfigurationIsVisible = 0;
			defaultConfigurationName = Release;
		};
		D483E1561D7B628500FCD614 /* Build configuration list for PBXNativeTarget "GH Viewer" */ = {
			isa = XCConfigurationList;
			buildConfigurations = (
				D483E1571D7B628500FCD614 /* Debug */,
				D483E1581D7B628500FCD614 /* Release */,
			);
			defaultConfigurationIsVisible = 0;
			defaultConfigurationName = Release;
		};
/* End XCConfigurationList section */
	};
	rootObject = D483E13C1D7B628500FCD614 /* Project object */;
}
